
Microsoft Visual Studio Solution File, Format Version 12.00
# Visual Studio Version 17
VisualStudioVersion = 17.3.32811.315
MinimumVisualStudioVersion = 10.0.40219.1
Project("{E24C65DC-7377-472B-9ABA-BC803B73C61A}") = "Desempeño_Clase2", ".", "{59CFA25D-4186-48C0-9C70-95C263C48ED7}"
	ProjectSection(WebsiteProperties) = preProject
		TargetFrameworkMoniker = ".NETFramework,Version%3Dv3.5"
		Debug.AspNetCompiler.VirtualPath = "/localhost_50673"
		Debug.AspNetCompiler.PhysicalPath = "..\Desempeño_Clase2\"
		Debug.AspNetCompiler.TargetPath = "PrecompiledWeb\localhost_50673\"
		Debug.AspNetCompiler.Updateable = "true"
		Debug.AspNetCompiler.ForceOverwrite = "true"
		Debug.AspNetCompiler.FixedNames = "false"
		Debug.AspNetCompiler.Debug = "True"
		Release.AspNetCompiler.VirtualPath = "/localhost_50673"
		Release.AspNetCompiler.PhysicalPath = "..\Desempeño_Clase2\"
		Release.AspNetCompiler.TargetPath = "PrecompiledWeb\localhost_50673\"
		Release.AspNetCompiler.Updateable = "true"
		Release.AspNetCompiler.ForceOverwrite = "true"
		Release.AspNetCompiler.FixedNames = "false"
		Release.AspNetCompiler.Debug = "False"
		VWDPort = "50673"
		SlnRelativePath = "..\Desempeño_Clase2\"
		DefaultWebSiteLanguage = "Visual C#"
	EndProjectSection
EndProject
Global
	GlobalSection(SolutionConfigurationPlatforms) = preSolution
		Debug|Any CPU = Debug|Any CPU
	EndGlobalSection
	GlobalSection(ProjectConfigurationPlatforms) = postSolution
		{59CFA25D-4186-48C0-9C70-95C263C48ED7}.Debug|Any CPU.ActiveCfg = Debug|Any CPU
		{59CFA25D-4186-48C0-9C70-95C263C48ED7}.Debug|Any CPU.Build.0 = Debug|Any CPU
	EndGlobalSection
	GlobalSection(SolutionProperties) = preSolution
		HideSolutionNode = FALSE
	EndGlobalSection
	GlobalSection(ExtensibilityGlobals) = postSolution
		SolutionGuid = {9CF9D53B-6B72-46A1-AC9F-009B6190760D}
	EndGlobalSection
EndGlobal
